<?xml version="1.0" encoding="UTF-8" standalone="yes" ?>
<CodeBlocks_project_file>
	<FileVersion major="1" minor="6" />
	<Project>
		<Option title="Biblioteca_app" />
		<Option pch_mode="2" />
		<Option compiler="gcc" />
		<Build>
			<Target title="Debug">
				<Option output="bin/Debug/Biblioteca_app" prefix_auto="1" extension_auto="1" />
				<Option object_output="obj/Debug/" />
				<Option type="1" />
				<Option compiler="gcc" />
				<Compiler>
					<Add option="-g" />
					<Add directory="include" />
				</Compiler>
			</Target>
			<Target title="Release">
				<Option output="bin/Release/Biblioteca_app" prefix_auto="1" extension_auto="1" />
				<Option object_output="obj/Release/" />
				<Option type="1" />
				<Option compiler="gcc" />
				<Compiler>
					<Add option="-O2" />
					<Add directory="include" />
				</Compiler>
				<Linker>
					<Add option="-s" />
				</Linker>
			</Target>
		</Build>
		<Compiler>
			<Add option="-Wall" />
			<Add option="-fexceptions" />
		</Compiler>
		<Unit filename="include/Alquiler.h" />
		<Unit filename="include/Apunte.h" />
		<Unit filename="include/Biblioteca.h" />
		<Unit filename="include/Dvd.h" />
		<Unit filename="include/Ejemplar.h" />
		<Unit filename="include/Fecha.h" />
		<Unit filename="include/Libro.h" />
		<Unit filename="include/Menu.h" />
		<Unit filename="include/Persona.h" />
		<Unit filename="include/Revista.h" />
		<Unit filename="include/Ubicacion.h" />
		<Unit filename="main.cpp" />
		<Unit filename="src/Alquiler.cpp" />
		<Unit filename="src/Apunte.cpp" />
		<Unit filename="src/Biblioteca.cpp" />
		<Unit filename="src/Dvd.cpp" />
		<Unit filename="src/Ejemplar.cpp" />
		<Unit filename="src/Fecha.cpp" />
		<Unit filename="src/Libro.cpp" />
		<Unit filename="src/Menu.cpp" />
		<Unit filename="src/Persona.cpp" />
		<Unit filename="src/Revista.cpp" />
		<Unit filename="src/Ubicacion.cpp" />
		<Extensions>
			<lib_finder disable_auto="1" />
			<code_completion />
			<envvars />
			<debugger />
		</Extensions>
	</Project>
</CodeBlocks_project_file>
